
Microsoft Visual Studio Solution File, Format Version 12.00
# Visual Studio Version 16
VisualStudioVersion = 16.0.31105.61
MinimumVisualStudioVersion = 10.0.40219.1
Project("{9A19103F-16F7-4668-BE54-9A1E7A4F7556}") = "VueNetDemo.BackEnd.WebApi", "VueNetDemo.BackEnd.WebApi\VueNetDemo.BackEnd.WebApi.csproj", "{BA751ECD-F419-467C-BA64-92298A9DDD9D}"
EndProject
Project("{FAE04EC0-301F-11D3-BF4B-00C04F79EFBC}") = "VueNetDemo.BackEnd.Shared", "VueNetDemo.BackEnd.Shared\VueNetDemo.BackEnd.Shared.csproj", "{3A114E16-3CEC-42E7-8B0A-2F59BFFA8914}"
EndProject
Project("{FAE04EC0-301F-11D3-BF4B-00C04F79EFBC}") = "VueNetDemo.BackEnd.Implementation", "VueNetDemo.BackEnd.Implementation\VueNetDemo.BackEnd.Implementation.csproj", "{302591BE-47F9-40EB-B6A9-36551682C5DF}"
EndProject
Project("{FAE04EC0-301F-11D3-BF4B-00C04F79EFBC}") = "VueNetDemo.BackEnd.Contract", "VueNetDemo.BackEnd.Contract\VueNetDemo.BackEnd.Contract.csproj", "{7DD7EEED-DCFF-4432-997B-049558205F87}"
EndProject
Project("{FAE04EC0-301F-11D3-BF4B-00C04F79EFBC}") = "VueNetDemo.BackEnd.Persistance", "VueNetDemo.BackEnd.Persistance\VueNetDemo.BackEnd.Persistance.csproj", "{B95CCA6C-F33E-4BB2-8ED9-F1D090C52E26}"
EndProject
Global
	GlobalSection(SolutionConfigurationPlatforms) = preSolution
		Debug|Any CPU = Debug|Any CPU
		Release|Any CPU = Release|Any CPU
	EndGlobalSection
	GlobalSection(ProjectConfigurationPlatforms) = postSolution
		{BA751ECD-F419-467C-BA64-92298A9DDD9D}.Debug|Any CPU.ActiveCfg = Debug|Any CPU
		{BA751ECD-F419-467C-BA64-92298A9DDD9D}.Debug|Any CPU.Build.0 = Debug|Any CPU
		{BA751ECD-F419-467C-BA64-92298A9DDD9D}.Release|Any CPU.ActiveCfg = Release|Any CPU
		{BA751ECD-F419-467C-BA64-92298A9DDD9D}.Release|Any CPU.Build.0 = Release|Any CPU
		{3A114E16-3CEC-42E7-8B0A-2F59BFFA8914}.Debug|Any CPU.ActiveCfg = Debug|Any CPU
		{3A114E16-3CEC-42E7-8B0A-2F59BFFA8914}.Debug|Any CPU.Build.0 = Debug|Any CPU
		{3A114E16-3CEC-42E7-8B0A-2F59BFFA8914}.Release|Any CPU.ActiveCfg = Release|Any CPU
		{3A114E16-3CEC-42E7-8B0A-2F59BFFA8914}.Release|Any CPU.Build.0 = Release|Any CPU
		{302591BE-47F9-40EB-B6A9-36551682C5DF}.Debug|Any CPU.ActiveCfg = Debug|Any CPU
		{302591BE-47F9-40EB-B6A9-36551682C5DF}.Debug|Any CPU.Build.0 = Debug|Any CPU
		{302591BE-47F9-40EB-B6A9-36551682C5DF}.Release|Any CPU.ActiveCfg = Release|Any CPU
		{302591BE-47F9-40EB-B6A9-36551682C5DF}.Release|Any CPU.Build.0 = Release|Any CPU
		{7DD7EEED-DCFF-4432-997B-049558205F87}.Debug|Any CPU.ActiveCfg = Debug|Any CPU
		{7DD7EEED-DCFF-4432-997B-049558205F87}.Debug|Any CPU.Build.0 = Debug|Any CPU
		{7DD7EEED-DCFF-4432-997B-049558205F87}.Release|Any CPU.ActiveCfg = Release|Any CPU
		{7DD7EEED-DCFF-4432-997B-049558205F87}.Release|Any CPU.Build.0 = Release|Any CPU
		{B95CCA6C-F33E-4BB2-8ED9-F1D090C52E26}.Debug|Any CPU.ActiveCfg = Debug|Any CPU
		{B95CCA6C-F33E-4BB2-8ED9-F1D090C52E26}.Debug|Any CPU.Build.0 = Debug|Any CPU
		{B95CCA6C-F33E-4BB2-8ED9-F1D090C52E26}.Release|Any CPU.ActiveCfg = Release|Any CPU
		{B95CCA6C-F33E-4BB2-8ED9-F1D090C52E26}.Release|Any CPU.Build.0 = Release|Any CPU
	EndGlobalSection
	GlobalSection(SolutionProperties) = preSolution
		HideSolutionNode = FALSE
	EndGlobalSection
	GlobalSection(ExtensibilityGlobals) = postSolution
		SolutionGuid = {491DF90B-1B7A-416C-936E-1B5ADAD39406}
	EndGlobalSection
EndGlobal
